
Microsoft Visual Studio Solution File, Format Version 12.00
# Visual Studio Version 16
VisualStudioVersion = 16.0.31005.135
MinimumVisualStudioVersion = 10.0.40219.1
Project("{FAE04EC0-301F-11D3-BF4B-00C04F79EFBC}") = "MVC6WebApi", "MVC6WebApi.csproj", "{883F4510-78C5-4EC4-90D6-FADE5CDA7307}"
EndProject
Project("{FAE04EC0-301F-11D3-BF4B-00C04F79EFBC}") = "MVC6WebApi.Tests", "..\MVC6WebApi.Tests\MVC6WebApi.Tests.csproj", "{F9BFB639-F43D-488D-BF6A-D3C858AFCC60}"
EndProject
Global
	GlobalSection(SolutionConfigurationPlatforms) = preSolution
		Debug|Any CPU = Debug|Any CPU
		Release|Any CPU = Release|Any CPU
	EndGlobalSection
	GlobalSection(ProjectConfigurationPlatforms) = postSolution
		{883F4510-78C5-4EC4-90D6-FADE5CDA7307}.Debug|Any CPU.ActiveCfg = Debug|Any CPU
		{883F4510-78C5-4EC4-90D6-FADE5CDA7307}.Debug|Any CPU.Build.0 = Debug|Any CPU
		{883F4510-78C5-4EC4-90D6-FADE5CDA7307}.Release|Any CPU.ActiveCfg = Release|Any CPU
		{883F4510-78C5-4EC4-90D6-FADE5CDA7307}.Release|Any CPU.Build.0 = Release|Any CPU
		{F9BFB639-F43D-488D-BF6A-D3C858AFCC60}.Debug|Any CPU.ActiveCfg = Debug|Any CPU
		{F9BFB639-F43D-488D-BF6A-D3C858AFCC60}.Debug|Any CPU.Build.0 = Debug|Any CPU
		{F9BFB639-F43D-488D-BF6A-D3C858AFCC60}.Release|Any CPU.ActiveCfg = Release|Any CPU
		{F9BFB639-F43D-488D-BF6A-D3C858AFCC60}.Release|Any CPU.Build.0 = Release|Any CPU
	EndGlobalSection
	GlobalSection(SolutionProperties) = preSolution
		HideSolutionNode = FALSE
	EndGlobalSection
	GlobalSection(ExtensibilityGlobals) = postSolution
		SolutionGuid = {6C0EDC2E-59FE-45BB-8555-0570695B870D}
	EndGlobalSection
EndGlobal
