
Microsoft Visual Studio Solution File, Format Version 12.00
# Visual Studio Version 16
VisualStudioVersion = 16.0.31005.135
MinimumVisualStudioVersion = 10.0.40219.1
Project("{FAE04EC0-301F-11D3-BF4B-00C04F79EFBC}") = "API_NGClient", "API_NGClient.csproj", "{87A16545-886E-426E-951C-B4C6C3F6FB55}"
EndProject
Global
	GlobalSection(SolutionConfigurationPlatforms) = preSolution
		Debug|Any CPU = Debug|Any CPU
		Release|Any CPU = Release|Any CPU
	EndGlobalSection
	GlobalSection(ProjectConfigurationPlatforms) = postSolution
		{87A16545-886E-426E-951C-B4C6C3F6FB55}.Debug|Any CPU.ActiveCfg = Debug|Any CPU
		{87A16545-886E-426E-951C-B4C6C3F6FB55}.Debug|Any CPU.Build.0 = Debug|Any CPU
		{87A16545-886E-426E-951C-B4C6C3F6FB55}.Release|Any CPU.ActiveCfg = Release|Any CPU
		{87A16545-886E-426E-951C-B4C6C3F6FB55}.Release|Any CPU.Build.0 = Release|Any CPU
	EndGlobalSection
	GlobalSection(SolutionProperties) = preSolution
		HideSolutionNode = FALSE
	EndGlobalSection
	GlobalSection(ExtensibilityGlobals) = postSolution
		SolutionGuid = {A7E3B0FD-3E62-4B65-BD27-6C0ED289117D}
	EndGlobalSection
EndGlobal
