
Microsoft Visual Studio Solution File, Format Version 12.00
# Visual Studio Version 16
VisualStudioVersion = 16.0.31005.135
MinimumVisualStudioVersion = 10.0.40219.1
Project("{FAE04EC0-301F-11D3-BF4B-00C04F79EFBC}") = "WebApplication1Day1", "WebApplication1Day1.csproj", "{CEA47F29-386F-44DC-BCA9-33E48E0C51BB}"
EndProject
Global
	GlobalSection(SolutionConfigurationPlatforms) = preSolution
		Debug|Any CPU = Debug|Any CPU
		Release|Any CPU = Release|Any CPU
	EndGlobalSection
	GlobalSection(ProjectConfigurationPlatforms) = postSolution
		{CEA47F29-386F-44DC-BCA9-33E48E0C51BB}.Debug|Any CPU.ActiveCfg = Debug|Any CPU
		{CEA47F29-386F-44DC-BCA9-33E48E0C51BB}.Debug|Any CPU.Build.0 = Debug|Any CPU
		{CEA47F29-386F-44DC-BCA9-33E48E0C51BB}.Release|Any CPU.ActiveCfg = Release|Any CPU
		{CEA47F29-386F-44DC-BCA9-33E48E0C51BB}.Release|Any CPU.Build.0 = Release|Any CPU
	EndGlobalSection
	GlobalSection(SolutionProperties) = preSolution
		HideSolutionNode = FALSE
	EndGlobalSection
	GlobalSection(ExtensibilityGlobals) = postSolution
		SolutionGuid = {64ADBEAA-DB8A-40AF-9E13-904F7318746D}
	EndGlobalSection
EndGlobal
