
Microsoft Visual Studio Solution File, Format Version 12.00
# Visual Studio Version 16
VisualStudioVersion = 16.0.31005.135
MinimumVisualStudioVersion = 10.0.40219.1
Project("{FAE04EC0-301F-11D3-BF4B-00C04F79EFBC}") = "Day1Demo", "Day1Demo.csproj", "{0B0FB390-E462-4CAC-BF5C-4E5BB38E63AA}"
EndProject
Global
	GlobalSection(SolutionConfigurationPlatforms) = preSolution
		Debug|Any CPU = Debug|Any CPU
		Release|Any CPU = Release|Any CPU
	EndGlobalSection
	GlobalSection(ProjectConfigurationPlatforms) = postSolution
		{0B0FB390-E462-4CAC-BF5C-4E5BB38E63AA}.Debug|Any CPU.ActiveCfg = Debug|Any CPU
		{0B0FB390-E462-4CAC-BF5C-4E5BB38E63AA}.Debug|Any CPU.Build.0 = Debug|Any CPU
		{0B0FB390-E462-4CAC-BF5C-4E5BB38E63AA}.Release|Any CPU.ActiveCfg = Release|Any CPU
		{0B0FB390-E462-4CAC-BF5C-4E5BB38E63AA}.Release|Any CPU.Build.0 = Release|Any CPU
	EndGlobalSection
	GlobalSection(SolutionProperties) = preSolution
		HideSolutionNode = FALSE
	EndGlobalSection
	GlobalSection(ExtensibilityGlobals) = postSolution
		SolutionGuid = {4DF59B19-2502-4A0A-8B34-8626CD75ED30}
	EndGlobalSection
EndGlobal
